
Microsoft Visual Studio Solution File, Format Version 12.00
# Visual Studio 15
VisualStudioVersion = 15.0.28010.2046
MinimumVisualStudioVersion = 10.0.40219.1
Project("{FAE04EC0-301F-11D3-BF4B-00C04F79EFBC}") = "V8AddInLibrary", "V8AddInLibrary\V8AddInLibrary.csproj", "{C168EED5-645E-4642-824D-8D99D07AB931}"
EndProject
Project("{FAE04EC0-301F-11D3-BF4B-00C04F79EFBC}") = "CallTriggerCmdPlugin", "CallTriggerCmdPlugin\CallTriggerCmdPlugin.csproj", "{BD1BA8A9-EFA7-47A6-B0DD-FE1C21710438}"
EndProject
Project("{FAE04EC0-301F-11D3-BF4B-00C04F79EFBC}") = "CallTriggerCmdServiceProvider", "CallTriggerCmdServiceProvider\CallTriggerCmdServiceProvider.csproj", "{C8FB83F4-8A44-4098-89AB-FCDC4BCB8E4C}"
EndProject
Global
	GlobalSection(SolutionConfigurationPlatforms) = preSolution
		Debug|Any CPU = Debug|Any CPU
		Release|Any CPU = Release|Any CPU
	EndGlobalSection
	GlobalSection(ProjectConfigurationPlatforms) = postSolution
		{C168EED5-645E-4642-824D-8D99D07AB931}.Debug|Any CPU.ActiveCfg = Debug|Any CPU
		{C168EED5-645E-4642-824D-8D99D07AB931}.Debug|Any CPU.Build.0 = Debug|Any CPU
		{C168EED5-645E-4642-824D-8D99D07AB931}.Release|Any CPU.ActiveCfg = Release|Any CPU
		{C168EED5-645E-4642-824D-8D99D07AB931}.Release|Any CPU.Build.0 = Release|Any CPU
		{BD1BA8A9-EFA7-47A6-B0DD-FE1C21710438}.Debug|Any CPU.ActiveCfg = Debug|Any CPU
		{BD1BA8A9-EFA7-47A6-B0DD-FE1C21710438}.Debug|Any CPU.Build.0 = Debug|Any CPU
		{BD1BA8A9-EFA7-47A6-B0DD-FE1C21710438}.Release|Any CPU.ActiveCfg = Release|Any CPU
		{BD1BA8A9-EFA7-47A6-B0DD-FE1C21710438}.Release|Any CPU.Build.0 = Release|Any CPU
		{C8FB83F4-8A44-4098-89AB-FCDC4BCB8E4C}.Debug|Any CPU.ActiveCfg = Debug|Any CPU
		{C8FB83F4-8A44-4098-89AB-FCDC4BCB8E4C}.Debug|Any CPU.Build.0 = Debug|Any CPU
		{C8FB83F4-8A44-4098-89AB-FCDC4BCB8E4C}.Release|Any CPU.ActiveCfg = Release|Any CPU
		{C8FB83F4-8A44-4098-89AB-FCDC4BCB8E4C}.Release|Any CPU.Build.0 = Release|Any CPU
	EndGlobalSection
	GlobalSection(SolutionProperties) = preSolution
		HideSolutionNode = FALSE
	EndGlobalSection
	GlobalSection(ExtensibilityGlobals) = postSolution
		SolutionGuid = {7222FA20-F62C-4733-BC88-1F281F079F7C}
	EndGlobalSection
EndGlobal
